// !$*UTF8*$!
{
	archiveVersion = 1;
	classes = {
	};
	objectVersion = 50;
	objects = {

/* Begin PBXBuildFile section */
		69689E842376BA3F0047E280 /* AppDelegate.m in Sources */ = {isa = PBXBuildFile; fileRef = 69689E832376BA3F0047E280 /* AppDelegate.m */; };
		69689E8A2376BA3F0047E280 /* ViewController.m in Sources */ = {isa = PBXBuildFile; fileRef = 69689E892376BA3F0047E280 /* ViewController.m */; };
		69689E8D2376BA3F0047E280 /* Main.storyboard in Resources */ = {isa = PBXBuildFile; fileRef = 69689E8B2376BA3F0047E280 /* Main.storyboard */; };
		69689E8F2376BA3F0047E280 /* Assets.xcassets in Resources */ = {isa = PBXBuildFile; fileRef = 69689E8E2376BA3F0047E280 /* Assets.xcassets */; };
		69689E922376BA3F0047E280 /* LaunchScreen.storyboard in Resources */ = {isa = PBXBuildFile; fileRef = 69689E902376BA3F0047E280 /* LaunchScreen.storyboard */; };
		69689E952376BA3F0047E280 /* main.m in Sources */ = {isa = PBXBuildFile; fileRef = 69689E942376BA3F0047E280 /* main.m */; };
		69689E9D2376C36E0047E280 /* ttViewController.m in Sources */ = {isa = PBXBuildFile; fileRef = 69689E9C2376C36E0047E280 /* ttViewController.m */; };
/* End PBXBuildFile section */

/* Begin PBXFileReference section */
		69689E7F2376BA3F0047E280 /* 算法.app */ = {isa = PBXFileReference; explicitFileType = wrapper.application; includeInIndex = 0; path = "算法.app"; sourceTree = BUILT_PRODUCTS_DIR; };
		69689E822376BA3F0047E280 /* AppDelegate.h */ = {isa = PBXFileReference; lastKnownFileType = sourcecode.c.h; path = AppDelegate.h; sourceTree = "<group>"; };
		69689E832376BA3F0047E280 /* AppDelegate.m */ = {isa = PBXFileReference; lastKnownFileType = sourcecode.c.objc; path = AppDelegate.m; sourceTree = "<group>"; };
		69689E882376BA3F0047E280 /* ViewController.h */ = {isa = PBXFileReference; lastKnownFileType = sourcecode.c.h; path = ViewController.h; sourceTree = "<group>"; };
		69689E892376BA3F0047E280 /* ViewController.m */ = {isa = PBXFileReference; lastKnownFileType = sourcecode.c.objc; path = ViewController.m; sourceTree = "<group>"; };
		69689E8C2376BA3F0047E280 /* Base */ = {isa = PBXFileReference; lastKnownFileType = file.storyboard; name = Base; path = Base.lproj/Main.storyboard; sourceTree = "<group>"; };
		69689E8E2376BA3F0047E280 /* Assets.xcassets */ = {isa = PBXFileReference; lastKnownFileType = folder.assetcatalog; path = Assets.xcassets; sourceTree = "<group>"; };
		69689E912376BA3F0047E280 /* Base */ = {isa = PBXFileReference; lastKnownFileType = file.storyboard; name = Base; path = Base.lproj/LaunchScreen.storyboard; sourceTree = "<group>"; };
		69689E932376BA3F0047E280 /* Info.plist */ = {isa = PBXFileReference; lastKnownFileType = text.plist.xml; path = Info.plist; sourceTree = "<group>"; };
		69689E942376BA3F0047E280 /* main.m */ = {isa = PBXFileReference; lastKnownFileType = sourcecode.c.objc; path = main.m; sourceTree = "<group>"; };
		69689E9B2376C36E0047E280 /* ttViewController.h */ = {isa = PBXFileReference; lastKnownFileType = sourcecode.c.h; path = ttViewController.h; sourceTree = "<group>"; };
		69689E9C2376C36E0047E280 /* ttViewController.m */ = {isa = PBXFileReference; lastKnownFileType = sourcecode.c.objc; path = ttViewController.m; sourceTree = "<group>"; };
/* End PBXFileReference section */

/* Begin PBXFrameworksBuildPhase section */
		69689E7C2376BA3F0047E280 /* Frameworks */ = {
			isa = PBXFrameworksBuildPhase;
			buildActionMask = 2147483647;
			files = (
			);
			runOnlyForDeploymentPostprocessing = 0;
		};
/* End PBXFrameworksBuildPhase section */

/* Begin PBXGroup section */
		69689E762376BA3F0047E280 = {
			isa = PBXGroup;
			children = (
				69689E812376BA3F0047E280 /* 算法 */,
				69689E802376BA3F0047E280 /* Products */,
			);
			sourceTree = "<group>";
		};
		69689E802376BA3F0047E280 /* Products */ = {
			isa = PBXGroup;
			children = (
				69689E7F2376BA3F0047E280 /* 算法.app */,
			);
			name = Products;
			sourceTree = "<group>";
		};
		69689E812376BA3F0047E280 /* 算法 */ = {
			isa = PBXGroup;
			children = (
				69689E822376BA3F0047E280 /* AppDelegate.h */,
				69689E832376BA3F0047E280 /* AppDelegate.m */,
				69689E9B2376C36E0047E280 /* ttViewController.h */,
				69689E9C2376C36E0047E280 /* ttViewController.m */,
				69689E882376BA3F0047E280 /* ViewController.h */,
				69689E892376BA3F0047E280 /* ViewController.m */,
				69689E8B2376BA3F0047E280 /* Main.storyboard */,
				69689E8E2376BA3F0047E280 /* Assets.xcassets */,
				69689E902376BA3F0047E280 /* LaunchScreen.storyboard */,
				69689E932376BA3F0047E280 /* Info.plist */,
				69689E942376BA3F0047E280 /* main.m */,
			);
			path = "算法";
			sourceTree = "<group>";
		};
/* End PBXGroup section */

/* Begin PBXNativeTarget section */
		69689E7E2376BA3F0047E280 /* 算法 */ = {
			isa = PBXNativeTarget;
			buildConfigurationList = 69689E982376BA3F0047E280 /* Build configuration list for PBXNativeTarget "算法" */;
			buildPhases = (
				69689E7B2376BA3F0047E280 /* Sources */,
				69689E7C2376BA3F0047E280 /* Frameworks */,
				69689E7D2376BA3F0047E280 /* Resources */,
			);
			buildRules = (
			);
			dependencies = (
			);
			name = "算法";
			productName = "算法";
			productReference = 69689E7F2376BA3F0047E280 /* 算法.app */;
			productType = "com.apple.product-type.application";
		};
/* End PBXNativeTarget section */

/* Begin PBXProject section */
		69689E772376BA3F0047E280 /* Project object */ = {
			isa = PBXProject;
			attributes = {
				LastUpgradeCheck = 1120;
				ORGANIZATIONNAME = River;
				TargetAttributes = {
					69689E7E2376BA3F0047E280 = {
						CreatedOnToolsVersion = 11.2;
					};
				};
			};
			buildConfigurationList = 69689E7A2376BA3F0047E280 /* Build configuration list for PBXProject "算法" */;
			compatibilityVersion = "Xcode 9.3";
			developmentRegion = en;
			hasScannedForEncodings = 0;
			knownRegions = (
				en,
				Base,
			);
			mainGroup = 69689E762376BA3F0047E280;
			productRefGroup = 69689E802376BA3F0047E280 /* Products */;
			projectDirPath = "";
			projectRoot = "";
			targets = (
				69689E7E2376BA3F0047E280 /* 算法 */,
			);
		};
/* End PBXProject section */

/* Begin PBXResourcesBuildPhase section */
		69689E7D2376BA3F0047E280 /* Resources */ = {
			isa = PBXResourcesBuildPhase;
			buildActionMask = 2147483647;
			files = (
				69689E922376BA3F0047E280 /* LaunchScreen.storyboard in Resources */,
				69689E8F2376BA3F0047E280 /* Assets.xcassets in Resources */,
				69689E8D2376BA3F0047E280 /* Main.storyboard in Resources */,
			);
			runOnlyForDeploymentPostprocessing = 0;
		};
/* End PBXResourcesBuildPhase section */

/* Begin PBXSourcesBuildPhase section */
		69689E7B2376BA3F0047E280 /* Sources */ = {
			isa = PBXSourcesBuildPhase;
			buildActionMask = 2147483647;
			files = (
				69689E9D2376C36E0047E280 /* ttViewController.m in Sources */,
				69689E8A2376BA3F0047E280 /* ViewController.m in Sources */,
				69689E842376BA3F0047E280 /* AppDelegate.m in Sources */,
				69689E952376BA3F0047E280 /* main.m in Sources */,
			);
			runOnlyForDeploymentPostprocessing = 0;
		};
/* End PBXSourcesBuildPhase section */

/* Begin PBXVariantGroup section */
		69689E8B2376BA3F0047E280 /* Main.storyboard */ = {
			isa = PBXVariantGroup;
			children = (
				69689E8C2376BA3F0047E280 /* Base */,
			);
			name = Main.storyboard;
			sourceTree = "<group>";
		};
		69689E902376BA3F0047E280 /* LaunchScreen.storyboard */ = {
			isa = PBXVariantGroup;
			children = (
				69689E912376BA3F0047E280 /* Base */,
			);
			name = LaunchScreen.storyboard;
			sourceTree = "<group>";
		};
/* End PBXVariantGroup section */

/* Begin XCBuildConfiguration section */
		69689E962376BA3F0047E280 /* Debug */ = {
			isa = XCBuildConfiguration;
			buildSettings = {
				ALWAYS_SEARCH_USER_PATHS = NO;
				CLANG_ANALYZER_NONNULL = YES;
				CLANG_ANALYZER_NUMBER_OBJECT_CONVERSION = YES_AGGRESSIVE;
				CLANG_CXX_LANGUAGE_STANDARD = "gnu++14";
				CLANG_CXX_LIBRARY = "libc++";
				CLANG_ENABLE_MODULES = YES;
				CLANG_ENABLE_OBJC_ARC = YES;
				CLANG_ENABLE_OBJC_WEAK = YES;
				CLANG_WARN_BLOCK_CAPTURE_AUTORELEASING = YES;
				CLANG_WARN_BOOL_CONVERSION = YES;
				CLANG_WARN_COMMA = YES;
				CLANG_WARN_CONSTANT_CONVERSION = YES;
				CLANG_WARN_DEPRECATED_OBJC_IMPLEMENTATIONS = YES;
				CLANG_WARN_DIRECT_OBJC_ISA_USAGE = YES_ERROR;
				CLANG_WARN_DOCUMENTATION_COMMENTS = YES;
				CLANG_WARN_EMPTY_BODY = YES;
				CLANG_WARN_ENUM_CONVERSION = YES;
				CLANG_WARN_INFINITE_RECURSION = YES;
				CLANG_WARN_INT_CONVERSION = YES;
				CLANG_WARN_NON_LITERAL_NULL_CONVERSION = YES;
				CLANG_WARN_OBJC_IMPLICIT_RETAIN_SELF = YES;
				CLANG_WARN_OBJC_LITERAL_CONVERSION = YES;
				CLANG_WARN_OBJC_ROOT_CLASS = YES_ERROR;
				CLANG_WARN_RANGE_LOOP_ANALYSIS = YES;
				CLANG_WARN_STRICT_PROTOTYPES = YES;
				CLANG_WARN_SUSPICIOUS_MOVE = YES;
				CLANG_WARN_UNGUARDED_AVAILABILITY = YES_AGGRESSIVE;
				CLANG_WARN_UNREACHABLE_CODE = YES;
				CLANG_WARN__DUPLICATE_METHOD_MATCH = YES;
				COPY_PHASE_STRIP = NO;
				DEBUG_INFORMATION_FORMAT = dwarf;
				ENABLE_STRICT_OBJC_MSGSEND = YES;
				ENABLE_TESTABILITY = YES;
				GCC_C_LANGUAGE_STANDARD = gnu11;
				GCC_DYNAMIC_NO_PIC = NO;
				GCC_NO_COMMON_BLOCKS = YES;
				GCC_OPTIMIZATION_LEVEL = 0;
				GCC_PREPROCESSOR_DEFINITIONS = (
					"DEBUG=1",
					"$(inherited)",
				);
				GCC_WARN_64_TO_32_BIT_CONVERSION = YES;
				GCC_WARN_ABOUT_RETURN_TYPE = YES_ERROR;
				GCC_WARN_UNDECLARED_SELECTOR = YES;
				GCC_WARN_UNINITIALIZED_AUTOS = YES_AGGRESSIVE;
				GCC_WARN_UNUSED_FUNCTION = YES;
				GCC_WARN_UNUSED_VARIABLE = YES;
				IPHONEOS_DEPLOYMENT_TARGET = 13.2;
				MTL_ENABLE_DEBUG_INFO = INCLUDE_SOURCE;
				MTL_FAST_MATH = YES;
				ONLY_ACTIVE_ARCH = YES;
				SDKROOT = iphoneos;
			};
			name = Debug;
		};
		69689E972376BA3F0047E280 /* Release */ = {
			isa = XCBuildConfiguration;
			buildSettings = {
				ALWAYS_SEARCH_USER_PATHS = NO;
				CLANG_ANALYZER_NONNULL = YES;
				CLANG_ANALYZER_NUMBER_OBJECT_CONVERSION = YES_AGGRESSIVE;
				CLANG_CXX_LANGUAGE_STANDARD = "gnu++14";
				CLANG_CXX_LIBRARY = "libc++";
				CLANG_ENABLE_MODULES = YES;
				CLANG_ENABLE_OBJC_ARC = YES;
				CLANG_ENABLE_OBJC_WEAK = YES;
				CLANG_WARN_BLOCK_CAPTURE_AUTORELEASING = YES;
				CLANG_WARN_BOOL_CONVERSION = YES;
				CLANG_WARN_COMMA = YES;
				CLANG_WARN_CONSTANT_CONVERSION = YES;
				CLANG_WARN_DEPRECATED_OBJC_IMPLEMENTATIONS = YES;
				CLANG_WARN_DIRECT_OBJC_ISA_USAGE = YES_ERROR;
				CLANG_WARN_DOCUMENTATION_COMMENTS = YES;
				CLANG_WARN_EMPTY_BODY = YES;
				CLANG_WARN_ENUM_CONVERSION = YES;
				CLANG_WARN_INFINITE_RECURSION = YES;
				CLANG_WARN_INT_CONVERSION = YES;
				CLANG_WARN_NON_LITERAL_NULL_CONVERSION = YES;
				CLANG_WARN_OBJC_IMPLICIT_RETAIN_SELF = YES;
				CLANG_WARN_OBJC_LITERAL_CONVERSION = YES;
				CLANG_WARN_OBJC_ROOT_CLASS = YES_ERROR;
				CLANG_WARN_RANGE_LOOP_ANALYSIS = YES;
				CLANG_WARN_STRICT_PROTOTYPES = YES;
				CLANG_WARN_SUSPICIOUS_MOVE = YES;
				CLANG_WARN_UNGUARDED_AVAILABILITY = YES_AGGRESSIVE;
				CLANG_WARN_UNREACHABLE_CODE = YES;
				CLANG_WARN__DUPLICATE_METHOD_MATCH = YES;
				COPY_PHASE_STRIP = NO;
				DEBUG_INFORMATION_FORMAT = "dwarf-with-dsym";
				ENABLE_NS_ASSERTIONS = NO;
				ENABLE_STRICT_OBJC_MSGSEND = YES;
				GCC_C_LANGUAGE_STANDARD = gnu11;
				GCC_NO_COMMON_BLOCKS = YES;
				GCC_WARN_64_TO_32_BIT_CONVERSION = YES;
				GCC_WARN_ABOUT_RETURN_TYPE = YES_ERROR;
				GCC_WARN_UNDECLARED_SELECTOR = YES;
				GCC_WARN_UNINITIALIZED_AUTOS = YES_AGGRESSIVE;
				GCC_WARN_UNUSED_FUNCTION = YES;
				GCC_WARN_UNUSED_VARIABLE = YES;
				IPHONEOS_DEPLOYMENT_TARGET = 13.2;
				MTL_ENABLE_DEBUG_INFO = NO;
				MTL_FAST_MATH = YES;
				SDKROOT = iphoneos;
				VALIDATE_PRODUCT = YES;
			};
			name = Release;
		};
		69689E992376BA3F0047E280 /* Debug */ = {
			isa = XCBuildConfiguration;
			buildSettings = {
				ASSETCATALOG_COMPILER_APPICON_NAME = AppIcon;
				CODE_SIGN_STYLE = Automatic;
				INFOPLIST_FILE = "算法/Info.plist";
				LD_RUNPATH_SEARCH_PATHS = (
					"$(inherited)",
					"@executable_path/Frameworks",
				);
				PRODUCT_BUNDLE_IDENTIFIER = "ss.--";
				PRODUCT_NAME = "$(TARGET_NAME)";
				TARGETED_DEVICE_FAMILY = 1;
			};
			name = Debug;
		};
		69689E9A2376BA3F0047E280 /* Release */ = {
			isa = XCBuildConfiguration;
			buildSettings = {
				ASSETCATALOG_COMPILER_APPICON_NAME = AppIcon;
				CODE_SIGN_STYLE = Automatic;
				INFOPLIST_FILE = "算法/Info.plist";
				LD_RUNPATH_SEARCH_PATHS = (
					"$(inherited)",
					"@executable_path/Frameworks",
				);
				PRODUCT_BUNDLE_IDENTIFIER = "ss.--";
				PRODUCT_NAME = "$(TARGET_NAME)";
				TARGETED_DEVICE_FAMILY = 1;
			};
			name = Release;
		};
/* End XCBuildConfiguration section */

/* Begin XCConfigurationList section */
		69689E7A2376BA3F0047E280 /* Build configuration list for PBXProject "算法" */ = {
			isa = XCConfigurationList;
			buildConfigurations = (
				69689E962376BA3F0047E280 /* Debug */,
				69689E972376BA3F0047E280 /* Release */,
			);
			defaultConfigurationIsVisible = 0;
			defaultConfigurationName = Release;
		};
		69689E982376BA3F0047E280 /* Build configuration list for PBXNativeTarget "算法" */ = {
			isa = XCConfigurationList;
			buildConfigurations = (
				69689E992376BA3F0047E280 /* Debug */,
				69689E9A2376BA3F0047E280 /* Release */,
			);
			defaultConfigurationIsVisible = 0;
			defaultConfigurationName = Release;
		};
/* End XCConfigurationList section */
	};
	rootObject = 69689E772376BA3F0047E280 /* Project object */;
}
